// !$*UTF8*$!
{
	archiveVersion = 1;
	classes = {
	};
	objectVersion = 50;
	objects = {

/* Begin PBXBuildFile section */
		D23A818A24CC889C0056BF6E /* AppDelegate.swift in Sources */ = {isa = PBXBuildFile; fileRef = D23A818924CC889C0056BF6E /* AppDelegate.swift */; };
		D23A818C24CC889C0056BF6E /* SceneDelegate.swift in Sources */ = {isa = PBXBuildFile; fileRef = D23A818B24CC889C0056BF6E /* SceneDelegate.swift */; };
		D23A818E24CC889C0056BF6E /* ContentView.swift in Sources */ = {isa = PBXBuildFile; fileRef = D23A818D24CC889C0056BF6E /* ContentView.swift */; };
		D23A819024CC889C0056BF6E /* Assets.xcassets in Resources */ = {isa = PBXBuildFile; fileRef = D23A818F24CC889C0056BF6E /* Assets.xcassets */; };
		D23A819324CC889C0056BF6E /* Preview Assets.xcassets in Resources */ = {isa = PBXBuildFile; fileRef = D23A819224CC889C0056BF6E /* Preview Assets.xcassets */; };
		D23A819624CC889C0056BF6E /* LaunchScreen.storyboard in Resources */ = {isa = PBXBuildFile; fileRef = D23A819424CC889C0056BF6E /* LaunchScreen.storyboard */; };
		D23A81A124CC889C0056BF6E /* swiftui_sampleTests.swift in Sources */ = {isa = PBXBuildFile; fileRef = D23A81A024CC889C0056BF6E /* swiftui_sampleTests.swift */; };
		D23A81AC24CC889C0056BF6E /* swiftui_sampleUITests.swift in Sources */ = {isa = PBXBuildFile; fileRef = D23A81AB24CC889C0056BF6E /* swiftui_sampleUITests.swift */; };
		D2AC130524CFA099007EE06A /* IconImageView.swift in Sources */ = {isa = PBXBuildFile; fileRef = D2AC130424CFA099007EE06A /* IconImageView.swift */; };
		D2AC130824D5D1CE007EE06A /* HumanData.json in Resources */ = {isa = PBXBuildFile; fileRef = D2AC130724D5D1CE007EE06A /* HumanData.json */; };
		D2AC130A24D6CD49007EE06A /* HumanRow.swift in Sources */ = {isa = PBXBuildFile; fileRef = D2AC130924D6CD49007EE06A /* HumanRow.swift */; };
		D2AC130D24D6CDAD007EE06A /* Human.swift in Sources */ = {isa = PBXBuildFile; fileRef = D2AC130C24D6CDAD007EE06A /* Human.swift */; };
		D2AC130F24D6D1A6007EE06A /* Data.swift in Sources */ = {isa = PBXBuildFile; fileRef = D2AC130E24D6D1A6007EE06A /* Data.swift */; };
		D2AC131124DEEC65007EE06A /* HumanList.swift in Sources */ = {isa = PBXBuildFile; fileRef = D2AC131024DEEC65007EE06A /* HumanList.swift */; };
/* End PBXBuildFile section */

/* Begin PBXContainerItemProxy section */
		D23A819D24CC889C0056BF6E /* PBXContainerItemProxy */ = {
			isa = PBXContainerItemProxy;
			containerPortal = D23A817E24CC889C0056BF6E /* Project object */;
			proxyType = 1;
			remoteGlobalIDString = D23A818524CC889C0056BF6E;
			remoteInfo = swiftui_sample;
		};
		D23A81A824CC889C0056BF6E /* PBXContainerItemProxy */ = {
			isa = PBXContainerItemProxy;
			containerPortal = D23A817E24CC889C0056BF6E /* Project object */;
			proxyType = 1;
			remoteGlobalIDString = D23A818524CC889C0056BF6E;
			remoteInfo = swiftui_sample;
		};
/* End PBXContainerItemProxy section */

/* Begin PBXFileReference section */
		D23A818624CC889C0056BF6E /* swiftui_sample.app */ = {isa = PBXFileReference; explicitFileType = wrapper.application; includeInIndex = 0; path = swiftui_sample.app; sourceTree = BUILT_PRODUCTS_DIR; };
		D23A818924CC889C0056BF6E /* AppDelegate.swift */ = {isa = PBXFileReference; lastKnownFileType = sourcecode.swift; path = AppDelegate.swift; sourceTree = "<group>"; };
		D23A818B24CC889C0056BF6E /* SceneDelegate.swift */ = {isa = PBXFileReference; lastKnownFileType = sourcecode.swift; path = SceneDelegate.swift; sourceTree = "<group>"; };
		D23A818D24CC889C0056BF6E /* ContentView.swift */ = {isa = PBXFileReference; lastKnownFileType = sourcecode.swift; path = ContentView.swift; sourceTree = "<group>"; };
		D23A818F24CC889C0056BF6E /* Assets.xcassets */ = {isa = PBXFileReference; lastKnownFileType = folder.assetcatalog; path = Assets.xcassets; sourceTree = "<group>"; };
		D23A819224CC889C0056BF6E /* Preview Assets.xcassets */ = {isa = PBXFileReference; lastKnownFileType = folder.assetcatalog; path = "Preview Assets.xcassets"; sourceTree = "<group>"; };
		D23A819524CC889C0056BF6E /* Base */ = {isa = PBXFileReference; lastKnownFileType = file.storyboard; name = Base; path = Base.lproj/LaunchScreen.storyboard; sourceTree = "<group>"; };
		D23A819724CC889C0056BF6E /* Info.plist */ = {isa = PBXFileReference; lastKnownFileType = text.plist.xml; path = Info.plist; sourceTree = "<group>"; };
		D23A819C24CC889C0056BF6E /* swiftui_sampleTests.xctest */ = {isa = PBXFileReference; explicitFileType = wrapper.cfbundle; includeInIndex = 0; path = swiftui_sampleTests.xctest; sourceTree = BUILT_PRODUCTS_DIR; };
		D23A81A024CC889C0056BF6E /* swiftui_sampleTests.swift */ = {isa = PBXFileReference; lastKnownFileType = sourcecode.swift; path = swiftui_sampleTests.swift; sourceTree = "<group>"; };
		D23A81A224CC889C0056BF6E /* Info.plist */ = {isa = PBXFileReference; lastKnownFileType = text.plist.xml; path = Info.plist; sourceTree = "<group>"; };
		D23A81A724CC889C0056BF6E /* swiftui_sampleUITests.xctest */ = {isa = PBXFileReference; explicitFileType = wrapper.cfbundle; includeInIndex = 0; path = swiftui_sampleUITests.xctest; sourceTree = BUILT_PRODUCTS_DIR; };
		D23A81AB24CC889C0056BF6E /* swiftui_sampleUITests.swift */ = {isa = PBXFileReference; lastKnownFileType = sourcecode.swift; path = swiftui_sampleUITests.swift; sourceTree = "<group>"; };
		D23A81AD24CC889C0056BF6E /* Info.plist */ = {isa = PBXFileReference; lastKnownFileType = text.plist.xml; path = Info.plist; sourceTree = "<group>"; };
		D2AC130424CFA099007EE06A /* IconImageView.swift */ = {isa = PBXFileReference; lastKnownFileType = sourcecode.swift; path = IconImageView.swift; sourceTree = "<group>"; };
		D2AC130724D5D1CE007EE06A /* HumanData.json */ = {isa = PBXFileReference; lastKnownFileType = text.json; path = HumanData.json; sourceTree = "<group>"; };
		D2AC130924D6CD49007EE06A /* HumanRow.swift */ = {isa = PBXFileReference; lastKnownFileType = sourcecode.swift; path = HumanRow.swift; sourceTree = "<group>"; };
		D2AC130C24D6CDAD007EE06A /* Human.swift */ = {isa = PBXFileReference; lastKnownFileType = sourcecode.swift; path = Human.swift; sourceTree = "<group>"; };
		D2AC130E24D6D1A6007EE06A /* Data.swift */ = {isa = PBXFileReference; lastKnownFileType = sourcecode.swift; path = Data.swift; sourceTree = "<group>"; };
		D2AC131024DEEC65007EE06A /* HumanList.swift */ = {isa = PBXFileReference; lastKnownFileType = sourcecode.swift; path = HumanList.swift; sourceTree = "<group>"; };
/* End PBXFileReference section */

/* Begin PBXFrameworksBuildPhase section */
		D23A818324CC889C0056BF6E /* Frameworks */ = {
			isa = PBXFrameworksBuildPhase;
			buildActionMask = 2147483647;
			files = (
			);
			runOnlyForDeploymentPostprocessing = 0;
		};
		D23A819924CC889C0056BF6E /* Frameworks */ = {
			isa = PBXFrameworksBuildPhase;
			buildActionMask = 2147483647;
			files = (
			);
			runOnlyForDeploymentPostprocessing = 0;
		};
		D23A81A424CC889C0056BF6E /* Frameworks */ = {
			isa = PBXFrameworksBuildPhase;
			buildActionMask = 2147483647;
			files = (
			);
			runOnlyForDeploymentPostprocessing = 0;
		};
/* End PBXFrameworksBuildPhase section */

/* Begin PBXGroup section */
		D23A817D24CC889C0056BF6E = {
			isa = PBXGroup;
			children = (
				D2AC130B24D6CD98007EE06A /* Model */,
				D23A818824CC889C0056BF6E /* swiftui_sample */,
				D23A819F24CC889C0056BF6E /* swiftui_sampleTests */,
				D23A81AA24CC889C0056BF6E /* swiftui_sampleUITests */,
				D23A818724CC889C0056BF6E /* Products */,
			);
			sourceTree = "<group>";
		};
		D23A818724CC889C0056BF6E /* Products */ = {
			isa = PBXGroup;
			children = (
				D23A818624CC889C0056BF6E /* swiftui_sample.app */,
				D23A819C24CC889C0056BF6E /* swiftui_sampleTests.xctest */,
				D23A81A724CC889C0056BF6E /* swiftui_sampleUITests.xctest */,
			);
			name = Products;
			sourceTree = "<group>";
		};
		D23A818824CC889C0056BF6E /* swiftui_sample */ = {
			isa = PBXGroup;
			children = (
				D23A818924CC889C0056BF6E /* AppDelegate.swift */,
				D23A818B24CC889C0056BF6E /* SceneDelegate.swift */,
				D23A818D24CC889C0056BF6E /* ContentView.swift */,
				D2AC130424CFA099007EE06A /* IconImageView.swift */,
				D2AC130924D6CD49007EE06A /* HumanRow.swift */,
				D2AC131024DEEC65007EE06A /* HumanList.swift */,
				D23A818F24CC889C0056BF6E /* Assets.xcassets */,
				D23A819424CC889C0056BF6E /* LaunchScreen.storyboard */,
				D23A819724CC889C0056BF6E /* Info.plist */,
				D2AC130624D5D128007EE06A /* Resources */,
				D23A819124CC889C0056BF6E /* Preview Content */,
			);
			path = swiftui_sample;
			sourceTree = "<group>";
		};
		D23A819124CC889C0056BF6E /* Preview Content */ = {
			isa = PBXGroup;
			children = (
				D23A819224CC889C0056BF6E /* Preview Assets.xcassets */,
			);
			path = "Preview Content";
			sourceTree = "<group>";
		};
		D23A819F24CC889C0056BF6E /* swiftui_sampleTests */ = {
			isa = PBXGroup;
			children = (
				D23A81A024CC889C0056BF6E /* swiftui_sampleTests.swift */,
				D23A81A224CC889C0056BF6E /* Info.plist */,
			);
			path = swiftui_sampleTests;
			sourceTree = "<group>";
		};
		D23A81AA24CC889C0056BF6E /* swiftui_sampleUITests */ = {
			isa = PBXGroup;
			children = (
				D23A81AB24CC889C0056BF6E /* swiftui_sampleUITests.swift */,
				D23A81AD24CC889C0056BF6E /* Info.plist */,
			);
			path = swiftui_sampleUITests;
			sourceTree = "<group>";
		};
		D2AC130624D5D128007EE06A /* Resources */ = {
			isa = PBXGroup;
			children = (
				D2AC130724D5D1CE007EE06A /* HumanData.json */,
			);
			path = Resources;
			sourceTree = "<group>";
		};
		D2AC130B24D6CD98007EE06A /* Model */ = {
			isa = PBXGroup;
			children = (
				D2AC130C24D6CDAD007EE06A /* Human.swift */,
				D2AC130E24D6D1A6007EE06A /* Data.swift */,
			);
			path = Model;
			sourceTree = "<group>";
		};
/* End PBXGroup section */

/* Begin PBXNativeTarget section */
		D23A818524CC889C0056BF6E /* swiftui_sample */ = {
			isa = PBXNativeTarget;
			buildConfigurationList = D23A81B024CC889C0056BF6E /* Build configuration list for PBXNativeTarget "swiftui_sample" */;
			buildPhases = (
				D23A818224CC889C0056BF6E /* Sources */,
				D23A818324CC889C0056BF6E /* Frameworks */,
				D23A818424CC889C0056BF6E /* Resources */,
			);
			buildRules = (
			);
			dependencies = (
			);
			name = swiftui_sample;
			productName = swiftui_sample;
			productReference = D23A818624CC889C0056BF6E /* swiftui_sample.app */;
			productType = "com.apple.product-type.application";
		};
		D23A819B24CC889C0056BF6E /* swiftui_sampleTests */ = {
			isa = PBXNativeTarget;
			buildConfigurationList = D23A81B324CC889C0056BF6E /* Build configuration list for PBXNativeTarget "swiftui_sampleTests" */;
			buildPhases = (
				D23A819824CC889C0056BF6E /* Sources */,
				D23A819924CC889C0056BF6E /* Frameworks */,
				D23A819A24CC889C0056BF6E /* Resources */,
			);
			buildRules = (
			);
			dependencies = (
				D23A819E24CC889C0056BF6E /* PBXTargetDependency */,
			);
			name = swiftui_sampleTests;
			productName = swiftui_sampleTests;
			productReference = D23A819C24CC889C0056BF6E /* swiftui_sampleTests.xctest */;
			productType = "com.apple.product-type.bundle.unit-test";
		};
		D23A81A624CC889C0056BF6E /* swiftui_sampleUITests */ = {
			isa = PBXNativeTarget;
			buildConfigurationList = D23A81B624CC889C0056BF6E /* Build configuration list for PBXNativeTarget "swiftui_sampleUITests" */;
			buildPhases = (
				D23A81A324CC889C0056BF6E /* Sources */,
				D23A81A424CC889C0056BF6E /* Frameworks */,
				D23A81A524CC889C0056BF6E /* Resources */,
			);
			buildRules = (
			);
			dependencies = (
				D23A81A924CC889C0056BF6E /* PBXTargetDependency */,
			);
			name = swiftui_sampleUITests;
			productName = swiftui_sampleUITests;
			productReference = D23A81A724CC889C0056BF6E /* swiftui_sampleUITests.xctest */;
			productType = "com.apple.product-type.bundle.ui-testing";
		};
/* End PBXNativeTarget section */

/* Begin PBXProject section */
		D23A817E24CC889C0056BF6E /* Project object */ = {
			isa = PBXProject;
			attributes = {
				LastSwiftUpdateCheck = 1110;
				LastUpgradeCheck = 1110;
				ORGANIZATIONNAME = "神代泰宏";
				TargetAttributes = {
					D23A818524CC889C0056BF6E = {
						CreatedOnToolsVersion = 11.1;
					};
					D23A819B24CC889C0056BF6E = {
						CreatedOnToolsVersion = 11.1;
						TestTargetID = D23A818524CC889C0056BF6E;
					};
					D23A81A624CC889C0056BF6E = {
						CreatedOnToolsVersion = 11.1;
						TestTargetID = D23A818524CC889C0056BF6E;
					};
				};
			};
			buildConfigurationList = D23A818124CC889C0056BF6E /* Build configuration list for PBXProject "swiftui_sample" */;
			compatibilityVersion = "Xcode 9.3";
			developmentRegion = en;
			hasScannedForEncodings = 0;
			knownRegions = (
				en,
				Base,
			);
			mainGroup = D23A817D24CC889C0056BF6E;
			productRefGroup = D23A818724CC889C0056BF6E /* Products */;
			projectDirPath = "";
			projectRoot = "";
			targets = (
				D23A818524CC889C0056BF6E /* swiftui_sample */,
				D23A819B24CC889C0056BF6E /* swiftui_sampleTests */,
				D23A81A624CC889C0056BF6E /* swiftui_sampleUITests */,
			);
		};
/* End PBXProject section */

/* Begin PBXResourcesBuildPhase section */
		D23A818424CC889C0056BF6E /* Resources */ = {
			isa = PBXResourcesBuildPhase;
			buildActionMask = 2147483647;
			files = (
				D23A819624CC889C0056BF6E /* LaunchScreen.storyboard in Resources */,
				D23A819324CC889C0056BF6E /* Preview Assets.xcassets in Resources */,
				D23A819024CC889C0056BF6E /* Assets.xcassets in Resources */,
				D2AC130824D5D1CE007EE06A /* HumanData.json in Resources */,
			);
			runOnlyForDeploymentPostprocessing = 0;
		};
		D23A819A24CC889C0056BF6E /* Resources */ = {
			isa = PBXResourcesBuildPhase;
			buildActionMask = 2147483647;
			files = (
			);
			runOnlyForDeploymentPostprocessing = 0;
		};
		D23A81A524CC889C0056BF6E /* Resources */ = {
			isa = PBXResourcesBuildPhase;
			buildActionMask = 2147483647;
			files = (
			);
			runOnlyForDeploymentPostprocessing = 0;
		};
/* End PBXResourcesBuildPhase section */

/* Begin PBXSourcesBuildPhase section */
		D23A818224CC889C0056BF6E /* Sources */ = {
			isa = PBXSourcesBuildPhase;
			buildActionMask = 2147483647;
			files = (
				D2AC130F24D6D1A6007EE06A /* Data.swift in Sources */,
				D23A818A24CC889C0056BF6E /* AppDelegate.swift in Sources */,
				D2AC130D24D6CDAD007EE06A /* Human.swift in Sources */,
				D2AC130524CFA099007EE06A /* IconImageView.swift in Sources */,
				D23A818C24CC889C0056BF6E /* SceneDelegate.swift in Sources */,
				D2AC130A24D6CD49007EE06A /* HumanRow.swift in Sources */,
				D23A818E24CC889C0056BF6E /* ContentView.swift in Sources */,
				D2AC131124DEEC65007EE06A /* HumanList.swift in Sources */,
			);
			runOnlyForDeploymentPostprocessing = 0;
		};
		D23A819824CC889C0056BF6E /* Sources */ = {
			isa = PBXSourcesBuildPhase;
			buildActionMask = 2147483647;
			files = (
				D23A81A124CC889C0056BF6E /* swiftui_sampleTests.swift in Sources */,
			);
			runOnlyForDeploymentPostprocessing = 0;
		};
		D23A81A324CC889C0056BF6E /* Sources */ = {
			isa = PBXSourcesBuildPhase;
			buildActionMask = 2147483647;
			files = (
				D23A81AC24CC889C0056BF6E /* swiftui_sampleUITests.swift in Sources */,
			);
			runOnlyForDeploymentPostprocessing = 0;
		};
/* End PBXSourcesBuildPhase section */

/* Begin PBXTargetDependency section */
		D23A819E24CC889C0056BF6E /* PBXTargetDependency */ = {
			isa = PBXTargetDependency;
			target = D23A818524CC889C0056BF6E /* swiftui_sample */;
			targetProxy = D23A819D24CC889C0056BF6E /* PBXContainerItemProxy */;
		};
		D23A81A924CC889C0056BF6E /* PBXTargetDependency */ = {
			isa = PBXTargetDependency;
			target = D23A818524CC889C0056BF6E /* swiftui_sample */;
			targetProxy = D23A81A824CC889C0056BF6E /* PBXContainerItemProxy */;
		};
/* End PBXTargetDependency section */

/* Begin PBXVariantGroup section */
		D23A819424CC889C0056BF6E /* LaunchScreen.storyboard */ = {
			isa = PBXVariantGroup;
			children = (
				D23A819524CC889C0056BF6E /* Base */,
			);
			name = LaunchScreen.storyboard;
			sourceTree = "<group>";
		};
/* End PBXVariantGroup section */

/* Begin XCBuildConfiguration section */
		D23A81AE24CC889C0056BF6E /* Debug */ = {
			isa = XCBuildConfiguration;
			buildSettings = {
				ALWAYS_SEARCH_USER_PATHS = NO;
				CLANG_ANALYZER_NONNULL = YES;
				CLANG_ANALYZER_NUMBER_OBJECT_CONVERSION = YES_AGGRESSIVE;
				CLANG_CXX_LANGUAGE_STANDARD = "gnu++14";
				CLANG_CXX_LIBRARY = "libc++";
				CLANG_ENABLE_MODULES = YES;
				CLANG_ENABLE_OBJC_ARC = YES;
				CLANG_ENABLE_OBJC_WEAK = YES;
				CLANG_WARN_BLOCK_CAPTURE_AUTORELEASING = YES;
				CLANG_WARN_BOOL_CONVERSION = YES;
				CLANG_WARN_COMMA = YES;
				CLANG_WARN_CONSTANT_CONVERSION = YES;
				CLANG_WARN_DEPRECATED_OBJC_IMPLEMENTATIONS = YES;
				CLANG_WARN_DIRECT_OBJC_ISA_USAGE = YES_ERROR;
				CLANG_WARN_DOCUMENTATION_COMMENTS = YES;
				CLANG_WARN_EMPTY_BODY = YES;
				CLANG_WARN_ENUM_CONVERSION = YES;
				CLANG_WARN_INFINITE_RECURSION = YES;
				CLANG_WARN_INT_CONVERSION = YES;
				CLANG_WARN_NON_LITERAL_NULL_CONVERSION = YES;
				CLANG_WARN_OBJC_IMPLICIT_RETAIN_SELF = YES;
				CLANG_WARN_OBJC_LITERAL_CONVERSION = YES;
				CLANG_WARN_OBJC_ROOT_CLASS = YES_ERROR;
				CLANG_WARN_RANGE_LOOP_ANALYSIS = YES;
				CLANG_WARN_STRICT_PROTOTYPES = YES;
				CLANG_WARN_SUSPICIOUS_MOVE = YES;
				CLANG_WARN_UNGUARDED_AVAILABILITY = YES_AGGRESSIVE;
				CLANG_WARN_UNREACHABLE_CODE = YES;
				CLANG_WARN__DUPLICATE_METHOD_MATCH = YES;
				COPY_PHASE_STRIP = NO;
				DEBUG_INFORMATION_FORMAT = dwarf;
				ENABLE_STRICT_OBJC_MSGSEND = YES;
				ENABLE_TESTABILITY = YES;
				GCC_C_LANGUAGE_STANDARD = gnu11;
				GCC_DYNAMIC_NO_PIC = NO;
				GCC_NO_COMMON_BLOCKS = YES;
				GCC_OPTIMIZATION_LEVEL = 0;
				GCC_PREPROCESSOR_DEFINITIONS = (
					"DEBUG=1",
					"$(inherited)",
				);
				GCC_WARN_64_TO_32_BIT_CONVERSION = YES;
				GCC_WARN_ABOUT_RETURN_TYPE = YES_ERROR;
				GCC_WARN_UNDECLARED_SELECTOR = YES;
				GCC_WARN_UNINITIALIZED_AUTOS = YES_AGGRESSIVE;
				GCC_WARN_UNUSED_FUNCTION = YES;
				GCC_WARN_UNUSED_VARIABLE = YES;
				IPHONEOS_DEPLOYMENT_TARGET = 13.1;
				MTL_ENABLE_DEBUG_INFO = INCLUDE_SOURCE;
				MTL_FAST_MATH = YES;
				ONLY_ACTIVE_ARCH = YES;
				SDKROOT = iphoneos;
				SWIFT_ACTIVE_COMPILATION_CONDITIONS = DEBUG;
				SWIFT_OPTIMIZATION_LEVEL = "-Onone";
			};
			name = Debug;
		};
		D23A81AF24CC889C0056BF6E /* Release */ = {
			isa = XCBuildConfiguration;
			buildSettings = {
				ALWAYS_SEARCH_USER_PATHS = NO;
				CLANG_ANALYZER_NONNULL = YES;
				CLANG_ANALYZER_NUMBER_OBJECT_CONVERSION = YES_AGGRESSIVE;
				CLANG_CXX_LANGUAGE_STANDARD = "gnu++14";
				CLANG_CXX_LIBRARY = "libc++";
				CLANG_ENABLE_MODULES = YES;
				CLANG_ENABLE_OBJC_ARC = YES;
				CLANG_ENABLE_OBJC_WEAK = YES;
				CLANG_WARN_BLOCK_CAPTURE_AUTORELEASING = YES;
				CLANG_WARN_BOOL_CONVERSION = YES;
				CLANG_WARN_COMMA = YES;
				CLANG_WARN_CONSTANT_CONVERSION = YES;
				CLANG_WARN_DEPRECATED_OBJC_IMPLEMENTATIONS = YES;
				CLANG_WARN_DIRECT_OBJC_ISA_USAGE = YES_ERROR;
				CLANG_WARN_DOCUMENTATION_COMMENTS = YES;
				CLANG_WARN_EMPTY_BODY = YES;
				CLANG_WARN_ENUM_CONVERSION = YES;
				CLANG_WARN_INFINITE_RECURSION = YES;
				CLANG_WARN_INT_CONVERSION = YES;
				CLANG_WARN_NON_LITERAL_NULL_CONVERSION = YES;
				CLANG_WARN_OBJC_IMPLICIT_RETAIN_SELF = YES;
				CLANG_WARN_OBJC_LITERAL_CONVERSION = YES;
				CLANG_WARN_OBJC_ROOT_CLASS = YES_ERROR;
				CLANG_WARN_RANGE_LOOP_ANALYSIS = YES;
				CLANG_WARN_STRICT_PROTOTYPES = YES;
				CLANG_WARN_SUSPICIOUS_MOVE = YES;
				CLANG_WARN_UNGUARDED_AVAILABILITY = YES_AGGRESSIVE;
				CLANG_WARN_UNREACHABLE_CODE = YES;
				CLANG_WARN__DUPLICATE_METHOD_MATCH = YES;
				COPY_PHASE_STRIP = NO;
				DEBUG_INFORMATION_FORMAT = "dwarf-with-dsym";
				ENABLE_NS_ASSERTIONS = NO;
				ENABLE_STRICT_OBJC_MSGSEND = YES;
				GCC_C_LANGUAGE_STANDARD = gnu11;
				GCC_NO_COMMON_BLOCKS = YES;
				GCC_WARN_64_TO_32_BIT_CONVERSION = YES;
				GCC_WARN_ABOUT_RETURN_TYPE = YES_ERROR;
				GCC_WARN_UNDECLARED_SELECTOR = YES;
				GCC_WARN_UNINITIALIZED_AUTOS = YES_AGGRESSIVE;
				GCC_WARN_UNUSED_FUNCTION = YES;
				GCC_WARN_UNUSED_VARIABLE = YES;
				IPHONEOS_DEPLOYMENT_TARGET = 13.1;
				MTL_ENABLE_DEBUG_INFO = NO;
				MTL_FAST_MATH = YES;
				SDKROOT = iphoneos;
				SWIFT_COMPILATION_MODE = wholemodule;
				SWIFT_OPTIMIZATION_LEVEL = "-O";
				VALIDATE_PRODUCT = YES;
			};
			name = Release;
		};
		D23A81B124CC889C0056BF6E /* Debug */ = {
			isa = XCBuildConfiguration;
			buildSettings = {
				ASSETCATALOG_COMPILER_APPICON_NAME = AppIcon;
				CODE_SIGN_STYLE = Automatic;
				DEVELOPMENT_ASSET_PATHS = "\"swiftui_sample/Preview Content\"";
				DEVELOPMENT_TEAM = 8B99357DTD;
				ENABLE_PREVIEWS = YES;
				INFOPLIST_FILE = swiftui_sample/Info.plist;
				LD_RUNPATH_SEARCH_PATHS = (
					"$(inherited)",
					"@executable_path/Frameworks",
				);
				PRODUCT_BUNDLE_IDENTIFIER = "com.kumaydevelop.swiftui-sample";
				PRODUCT_NAME = "$(TARGET_NAME)";
				SWIFT_VERSION = 5.0;
				TARGETED_DEVICE_FAMILY = "1,2";
			};
			name = Debug;
		};
		D23A81B224CC889C0056BF6E /* Release */ = {
			isa = XCBuildConfiguration;
			buildSettings = {
				ASSETCATALOG_COMPILER_APPICON_NAME = AppIcon;
				CODE_SIGN_STYLE = Automatic;
				DEVELOPMENT_ASSET_PATHS = "\"swiftui_sample/Preview Content\"";
				DEVELOPMENT_TEAM = 8B99357DTD;
				ENABLE_PREVIEWS = YES;
				INFOPLIST_FILE = swiftui_sample/Info.plist;
				LD_RUNPATH_SEARCH_PATHS = (
					"$(inherited)",
					"@executable_path/Frameworks",
				);
				PRODUCT_BUNDLE_IDENTIFIER = "com.kumaydevelop.swiftui-sample";
				PRODUCT_NAME = "$(TARGET_NAME)";
				SWIFT_VERSION = 5.0;
				TARGETED_DEVICE_FAMILY = "1,2";
			};
			name = Release;
		};
		D23A81B424CC889C0056BF6E /* Debug */ = {
			isa = XCBuildConfiguration;
			buildSettings = {
				ALWAYS_EMBED_SWIFT_STANDARD_LIBRARIES = YES;
				BUNDLE_LOADER = "$(TEST_HOST)";
				CODE_SIGN_STYLE = Automatic;
				DEVELOPMENT_TEAM = 8B99357DTD;
				INFOPLIST_FILE = swiftui_sampleTests/Info.plist;
				IPHONEOS_DEPLOYMENT_TARGET = 13.1;
				LD_RUNPATH_SEARCH_PATHS = (
					"$(inherited)",
					"@executable_path/Frameworks",
					"@loader_path/Frameworks",
				);
				PRODUCT_BUNDLE_IDENTIFIER = "com.kumaydevelop.swiftui-sampleTests";
				PRODUCT_NAME = "$(TARGET_NAME)";
				SWIFT_VERSION = 5.0;
				TARGETED_DEVICE_FAMILY = "1,2";
				TEST_HOST = "$(BUILT_PRODUCTS_DIR)/swiftui_sample.app/swiftui_sample";
			};
			name = Debug;
		};
		D23A81B524CC889C0056BF6E /* Release */ = {
			isa = XCBuildConfiguration;
			buildSettings = {
				ALWAYS_EMBED_SWIFT_STANDARD_LIBRARIES = YES;
				BUNDLE_LOADER = "$(TEST_HOST)";
				CODE_SIGN_STYLE = Automatic;
				DEVELOPMENT_TEAM = 8B99357DTD;
				INFOPLIST_FILE = swiftui_sampleTests/Info.plist;
				IPHONEOS_DEPLOYMENT_TARGET = 13.1;
				LD_RUNPATH_SEARCH_PATHS = (
					"$(inherited)",
					"@executable_path/Frameworks",
					"@loader_path/Frameworks",
				);
				PRODUCT_BUNDLE_IDENTIFIER = "com.kumaydevelop.swiftui-sampleTests";
				PRODUCT_NAME = "$(TARGET_NAME)";
				SWIFT_VERSION = 5.0;
				TARGETED_DEVICE_FAMILY = "1,2";
				TEST_HOST = "$(BUILT_PRODUCTS_DIR)/swiftui_sample.app/swiftui_sample";
			};
			name = Release;
		};
		D23A81B724CC889C0056BF6E /* Debug */ = {
			isa = XCBuildConfiguration;
			buildSettings = {
				ALWAYS_EMBED_SWIFT_STANDARD_LIBRARIES = YES;
				CODE_SIGN_STYLE = Automatic;
				DEVELOPMENT_TEAM = 8B99357DTD;
				INFOPLIST_FILE = swiftui_sampleUITests/Info.plist;
				LD_RUNPATH_SEARCH_PATHS = (
					"$(inherited)",
					"@executable_path/Frameworks",
					"@loader_path/Frameworks",
				);
				PRODUCT_BUNDLE_IDENTIFIER = "com.kumaydevelop.swiftui-sampleUITests";
				PRODUCT_NAME = "$(TARGET_NAME)";
				SWIFT_VERSION = 5.0;
				TARGETED_DEVICE_FAMILY = "1,2";
				TEST_TARGET_NAME = swiftui_sample;
			};
			name = Debug;
		};
		D23A81B824CC889C0056BF6E /* Release */ = {
			isa = XCBuildConfiguration;
			buildSettings = {
				ALWAYS_EMBED_SWIFT_STANDARD_LIBRARIES = YES;
				CODE_SIGN_STYLE = Automatic;
				DEVELOPMENT_TEAM = 8B99357DTD;
				INFOPLIST_FILE = swiftui_sampleUITests/Info.plist;
				LD_RUNPATH_SEARCH_PATHS = (
					"$(inherited)",
					"@executable_path/Frameworks",
					"@loader_path/Frameworks",
				);
				PRODUCT_BUNDLE_IDENTIFIER = "com.kumaydevelop.swiftui-sampleUITests";
				PRODUCT_NAME = "$(TARGET_NAME)";
				SWIFT_VERSION = 5.0;
				TARGETED_DEVICE_FAMILY = "1,2";
				TEST_TARGET_NAME = swiftui_sample;
			};
			name = Release;
		};
/* End XCBuildConfiguration section */

/* Begin XCConfigurationList section */
		D23A818124CC889C0056BF6E /* Build configuration list for PBXProject "swiftui_sample" */ = {
			isa = XCConfigurationList;
			buildConfigurations = (
				D23A81AE24CC889C0056BF6E /* Debug */,
				D23A81AF24CC889C0056BF6E /* Release */,
			);
			defaultConfigurationIsVisible = 0;
			defaultConfigurationName = Release;
		};
		D23A81B024CC889C0056BF6E /* Build configuration list for PBXNativeTarget "swiftui_sample" */ = {
			isa = XCConfigurationList;
			buildConfigurations = (
				D23A81B124CC889C0056BF6E /* Debug */,
				D23A81B224CC889C0056BF6E /* Release */,
			);
			defaultConfigurationIsVisible = 0;
			defaultConfigurationName = Release;
		};
		D23A81B324CC889C0056BF6E /* Build configuration list for PBXNativeTarget "swiftui_sampleTests" */ = {
			isa = XCConfigurationList;
			buildConfigurations = (
				D23A81B424CC889C0056BF6E /* Debug */,
				D23A81B524CC889C0056BF6E /* Release */,
			);
			defaultConfigurationIsVisible = 0;
			defaultConfigurationName = Release;
		};
		D23A81B624CC889C0056BF6E /* Build configuration list for PBXNativeTarget "swiftui_sampleUITests" */ = {
			isa = XCConfigurationList;
			buildConfigurations = (
				D23A81B724CC889C0056BF6E /* Debug */,
				D23A81B824CC889C0056BF6E /* Release */,
			);
			defaultConfigurationIsVisible = 0;
			defaultConfigurationName = Release;
		};
/* End XCConfigurationList section */
	};
	rootObject = D23A817E24CC889C0056BF6E /* Project object */;
}
